
Microsoft Visual Studio Solution File, Format Version 12.00
# Visual Studio Version 17
VisualStudioVersion = 17.2.32516.85
MinimumVisualStudioVersion = 10.0.40219.1
Project("{FAE04EC0-301F-11D3-BF4B-00C04F79EFBC}") = "NotificationAPI", "NotificationAPI\NotificationAPI.csproj", "{17F3D7EF-7C4E-4889-AEF3-CC2E394F5B86}"
EndProject
Global
	GlobalSection(SolutionConfigurationPlatforms) = preSolution
		Debug|Any CPU = Debug|Any CPU
		Release|Any CPU = Release|Any CPU
	EndGlobalSection
	GlobalSection(ProjectConfigurationPlatforms) = postSolution
		{17F3D7EF-7C4E-4889-AEF3-CC2E394F5B86}.Debug|Any CPU.ActiveCfg = Debug|Any CPU
		{17F3D7EF-7C4E-4889-AEF3-CC2E394F5B86}.Debug|Any CPU.Build.0 = Debug|Any CPU
		{17F3D7EF-7C4E-4889-AEF3-CC2E394F5B86}.Release|Any CPU.ActiveCfg = Release|Any CPU
		{17F3D7EF-7C4E-4889-AEF3-CC2E394F5B86}.Release|Any CPU.Build.0 = Release|Any CPU
	EndGlobalSection
	GlobalSection(SolutionProperties) = preSolution
		HideSolutionNode = FALSE
	EndGlobalSection
	GlobalSection(ExtensibilityGlobals) = postSolution
		SolutionGuid = {E1CC4752-0820-4668-8BD3-D5AAC078045E}
	EndGlobalSection
EndGlobal
